
Microsoft Visual Studio Solution File, Format Version 11.00
# Visual Studio 2010
Project("{FAE04EC0-301F-11D3-BF4B-00C04F79EFBC}") = "Assembly-CSharp", "Assembly-CSharp.csproj", "{24154B9D-FBCD-E6B6-AD24-01C4E20EE9E6}"
EndProject
Global
	GlobalSection(SolutionConfigurationPlatforms) = preSolution
		Debug|Any CPU = Debug|Any CPU
		Release|Any CPU = Release|Any CPU
	EndGlobalSection
	GlobalSection(ProjectConfigurationPlatforms) = postSolution
		{24154B9D-FBCD-E6B6-AD24-01C4E20EE9E6}.Debug|Any CPU.ActiveCfg = Debug|Any CPU
		{24154B9D-FBCD-E6B6-AD24-01C4E20EE9E6}.Debug|Any CPU.Build.0 = Debug|Any CPU
		{24154B9D-FBCD-E6B6-AD24-01C4E20EE9E6}.Release|Any CPU.ActiveCfg = Release|Any CPU
		{24154B9D-FBCD-E6B6-AD24-01C4E20EE9E6}.Release|Any CPU.Build.0 = Release|Any CPU
	EndGlobalSection
	GlobalSection(SolutionProperties) = preSolution
		HideSolutionNode = FALSE
	EndGlobalSection
EndGlobal
